// !$*UTF8*$!
{
	archiveVersion = 1;
	classes = {
	};
	objectVersion = 56;
	objects = {

/* Begin PBXBuildFile section */
		4861981C2D5B7AD900843707 /* SCNetworkManager.swift in Sources */ = {isa = PBXBuildFile; fileRef = 4861981B2D5B7AD000843707 /* SCNetworkManager.swift */; };
		4861981E2D5B7AFF00843707 /* ServicesDataFetcher.swift in Sources */ = {isa = PBXBuildFile; fileRef = 4861981D2D5B7AFF00843707 /* ServicesDataFetcher.swift */; };
		486198A12D5B7FBA00843707 /* ServiceViewModelNew.swift in Sources */ = {isa = PBXBuildFile; fileRef = 486198A02D5B7FBA00843707 /* ServiceViewModelNew.swift */; };
		486198A52D5B8EC200843707 /* WebImageView.swift in Sources */ = {isa = PBXBuildFile; fileRef = 486198A42D5B8EC200843707 /* WebImageView.swift */; };
		486198A82D5B90A400843707 /* ServiceTableVCNew.swift in Sources */ = {isa = PBXBuildFile; fileRef = 486198A72D5B909300843707 /* ServiceTableVCNew.swift */; };
		486198AA2D5B927E00843707 /* ServiceTableViewCellNew.swift in Sources */ = {isa = PBXBuildFile; fileRef = 486198A92D5B927E00843707 /* ServiceTableViewCellNew.swift */; };
		C794BA482BB716CE006594E5 /* AppDelegate.swift in Sources */ = {isa = PBXBuildFile; fileRef = C794BA472BB716CE006594E5 /* AppDelegate.swift */; };
		C794BA4A2BB716CE006594E5 /* SceneDelegate.swift in Sources */ = {isa = PBXBuildFile; fileRef = C794BA492BB716CE006594E5 /* SceneDelegate.swift */; };
		C794BA512BB716D0006594E5 /* Assets.xcassets in Resources */ = {isa = PBXBuildFile; fileRef = C794BA502BB716D0006594E5 /* Assets.xcassets */; };
		C794BA542BB716D0006594E5 /* Base in Resources */ = {isa = PBXBuildFile; fileRef = C794BA532BB716D0006594E5 /* Base */; };
		C794BA612BB717E6006594E5 /* ServiceViewModel.swift in Sources */ = {isa = PBXBuildFile; fileRef = C794BA602BB717E6006594E5 /* ServiceViewModel.swift */; };
		C794BA632BB717F4006594E5 /* ServiceModel.swift in Sources */ = {isa = PBXBuildFile; fileRef = C794BA622BB717F4006594E5 /* ServiceModel.swift */; };
		C794BA652BB71D09006594E5 /* NetworkManager.swift in Sources */ = {isa = PBXBuildFile; fileRef = C794BA642BB71D09006594E5 /* NetworkManager.swift */; };
		C794BA672BB71D4B006594E5 /* APIErrors.swift in Sources */ = {isa = PBXBuildFile; fileRef = C794BA662BB71D4B006594E5 /* APIErrors.swift */; };
		C794BA692BB71D6B006594E5 /* APIURLs.swift in Sources */ = {isa = PBXBuildFile; fileRef = C794BA682BB71D6B006594E5 /* APIURLs.swift */; };
		C794BA6B2BB7309D006594E5 /* ServiceTableViewCell.swift in Sources */ = {isa = PBXBuildFile; fileRef = C794BA6A2BB7309D006594E5 /* ServiceTableViewCell.swift */; };
		C794BA6D2BB732E9006594E5 /* ServiceTableViewController.swift in Sources */ = {isa = PBXBuildFile; fileRef = C794BA6C2BB732E9006594E5 /* ServiceTableViewController.swift */; };
/* End PBXBuildFile section */

/* Begin PBXFileReference section */
		4861981B2D5B7AD000843707 /* SCNetworkManager.swift */ = {isa = PBXFileReference; lastKnownFileType = sourcecode.swift; path = SCNetworkManager.swift; sourceTree = "<group>"; };
		4861981D2D5B7AFF00843707 /* ServicesDataFetcher.swift */ = {isa = PBXFileReference; lastKnownFileType = sourcecode.swift; path = ServicesDataFetcher.swift; sourceTree = "<group>"; };
		486198A02D5B7FBA00843707 /* ServiceViewModelNew.swift */ = {isa = PBXFileReference; lastKnownFileType = sourcecode.swift; path = ServiceViewModelNew.swift; sourceTree = "<group>"; };
		486198A42D5B8EC200843707 /* WebImageView.swift */ = {isa = PBXFileReference; lastKnownFileType = sourcecode.swift; path = WebImageView.swift; sourceTree = "<group>"; };
		486198A72D5B909300843707 /* ServiceTableVCNew.swift */ = {isa = PBXFileReference; lastKnownFileType = sourcecode.swift; path = ServiceTableVCNew.swift; sourceTree = "<group>"; };
		486198A92D5B927E00843707 /* ServiceTableViewCellNew.swift */ = {isa = PBXFileReference; lastKnownFileType = sourcecode.swift; path = ServiceTableViewCellNew.swift; sourceTree = "<group>"; };
		C794BA442BB716CE006594E5 /* VKServiceList.app */ = {isa = PBXFileReference; explicitFileType = wrapper.application; includeInIndex = 0; path = VKServiceList.app; sourceTree = BUILT_PRODUCTS_DIR; };
		C794BA472BB716CE006594E5 /* AppDelegate.swift */ = {isa = PBXFileReference; lastKnownFileType = sourcecode.swift; path = AppDelegate.swift; sourceTree = "<group>"; };
		C794BA492BB716CE006594E5 /* SceneDelegate.swift */ = {isa = PBXFileReference; lastKnownFileType = sourcecode.swift; path = SceneDelegate.swift; sourceTree = "<group>"; };
		C794BA502BB716D0006594E5 /* Assets.xcassets */ = {isa = PBXFileReference; lastKnownFileType = folder.assetcatalog; path = Assets.xcassets; sourceTree = "<group>"; };
		C794BA532BB716D0006594E5 /* Base */ = {isa = PBXFileReference; lastKnownFileType = file.storyboard; name = Base; path = Base.lproj/LaunchScreen.storyboard; sourceTree = "<group>"; };
		C794BA552BB716D0006594E5 /* Info.plist */ = {isa = PBXFileReference; lastKnownFileType = text.plist.xml; path = Info.plist; sourceTree = "<group>"; };
		C794BA602BB717E6006594E5 /* ServiceViewModel.swift */ = {isa = PBXFileReference; lastKnownFileType = sourcecode.swift; path = ServiceViewModel.swift; sourceTree = "<group>"; };
		C794BA622BB717F4006594E5 /* ServiceModel.swift */ = {isa = PBXFileReference; lastKnownFileType = sourcecode.swift; path = ServiceModel.swift; sourceTree = "<group>"; };
		C794BA642BB71D09006594E5 /* NetworkManager.swift */ = {isa = PBXFileReference; lastKnownFileType = sourcecode.swift; path = NetworkManager.swift; sourceTree = "<group>"; };
		C794BA662BB71D4B006594E5 /* APIErrors.swift */ = {isa = PBXFileReference; lastKnownFileType = sourcecode.swift; path = APIErrors.swift; sourceTree = "<group>"; };
		C794BA682BB71D6B006594E5 /* APIURLs.swift */ = {isa = PBXFileReference; lastKnownFileType = sourcecode.swift; path = APIURLs.swift; sourceTree = "<group>"; };
		C794BA6A2BB7309D006594E5 /* ServiceTableViewCell.swift */ = {isa = PBXFileReference; lastKnownFileType = sourcecode.swift; path = ServiceTableViewCell.swift; sourceTree = "<group>"; };
		C794BA6C2BB732E9006594E5 /* ServiceTableViewController.swift */ = {isa = PBXFileReference; lastKnownFileType = sourcecode.swift; path = ServiceTableViewController.swift; sourceTree = "<group>"; };
/* End PBXFileReference section */

/* Begin PBXFrameworksBuildPhase section */
		C794BA412BB716CE006594E5 /* Frameworks */ = {
			isa = PBXFrameworksBuildPhase;
			buildActionMask = 2147483647;
			files = (
			);
			runOnlyForDeploymentPostprocessing = 0;
		};
/* End PBXFrameworksBuildPhase section */

/* Begin PBXGroup section */
		4861981A2D5B7AC400843707 /* NewService */ = {
			isa = PBXGroup;
			children = (
				4861981B2D5B7AD000843707 /* SCNetworkManager.swift */,
				4861981D2D5B7AFF00843707 /* ServicesDataFetcher.swift */,
			);
			path = NewService;
			sourceTree = "<group>";
		};
		4861989F2D5B7DF300843707 /* VKServiceListNew */ = {
			isa = PBXGroup;
			children = (
				486198A62D5B905A00843707 /* NewView */,
				486198A32D5B8EAD00843707 /* Extensions */,
				486198A22D5B7FC600843707 /* NewViewModel */,
				4861981A2D5B7AC400843707 /* NewService */,
			);
			path = VKServiceListNew;
			sourceTree = "<group>";
		};
		486198A22D5B7FC600843707 /* NewViewModel */ = {
			isa = PBXGroup;
			children = (
				486198A02D5B7FBA00843707 /* ServiceViewModelNew.swift */,
			);
			path = NewViewModel;
			sourceTree = "<group>";
		};
		486198A32D5B8EAD00843707 /* Extensions */ = {
			isa = PBXGroup;
			children = (
				486198A42D5B8EC200843707 /* WebImageView.swift */,
			);
			path = Extensions;
			sourceTree = "<group>";
		};
		486198A62D5B905A00843707 /* NewView */ = {
			isa = PBXGroup;
			children = (
				486198A72D5B909300843707 /* ServiceTableVCNew.swift */,
				486198A92D5B927E00843707 /* ServiceTableViewCellNew.swift */,
			);
			path = NewView;
			sourceTree = "<group>";
		};
		C794BA3B2BB716CE006594E5 = {
			isa = PBXGroup;
			children = (
				C794BA462BB716CE006594E5 /* VKServiceList */,
				C794BA452BB716CE006594E5 /* Products */,
			);
			sourceTree = "<group>";
		};
		C794BA452BB716CE006594E5 /* Products */ = {
			isa = PBXGroup;
			children = (
				C794BA442BB716CE006594E5 /* VKServiceList.app */,
			);
			name = Products;
			sourceTree = "<group>";
		};
		C794BA462BB716CE006594E5 /* VKServiceList */ = {
			isa = PBXGroup;
			children = (
				C794BA5B2BB71784006594E5 /* Model */,
				C794BA5D2BB71792006594E5 /* View */,
				C794BA5C2BB7178B006594E5 /* ViewModel */,
				C794BA5F2BB717C6006594E5 /* Network */,
				C794BA5E2BB7179F006594E5 /* System */,
				4861989F2D5B7DF300843707 /* VKServiceListNew */,
				C794BA502BB716D0006594E5 /* Assets.xcassets */,
				C794BA522BB716D0006594E5 /* LaunchScreen.storyboard */,
				C794BA552BB716D0006594E5 /* Info.plist */,
			);
			path = VKServiceList;
			sourceTree = "<group>";
		};
		C794BA5B2BB71784006594E5 /* Model */ = {
			isa = PBXGroup;
			children = (
				C794BA622BB717F4006594E5 /* ServiceModel.swift */,
			);
			path = Model;
			sourceTree = "<group>";
		};
		C794BA5C2BB7178B006594E5 /* ViewModel */ = {
			isa = PBXGroup;
			children = (
				C794BA602BB717E6006594E5 /* ServiceViewModel.swift */,
			);
			path = ViewModel;
			sourceTree = "<group>";
		};
		C794BA5D2BB71792006594E5 /* View */ = {
			isa = PBXGroup;
			children = (
				C794BA6C2BB732E9006594E5 /* ServiceTableViewController.swift */,
				C794BA6A2BB7309D006594E5 /* ServiceTableViewCell.swift */,
			);
			path = View;
			sourceTree = "<group>";
		};
		C794BA5E2BB7179F006594E5 /* System */ = {
			isa = PBXGroup;
			children = (
				C794BA472BB716CE006594E5 /* AppDelegate.swift */,
				C794BA492BB716CE006594E5 /* SceneDelegate.swift */,
			);
			path = System;
			sourceTree = "<group>";
		};
		C794BA5F2BB717C6006594E5 /* Network */ = {
			isa = PBXGroup;
			children = (
				C794BA642BB71D09006594E5 /* NetworkManager.swift */,
				C794BA662BB71D4B006594E5 /* APIErrors.swift */,
				C794BA682BB71D6B006594E5 /* APIURLs.swift */,
			);
			path = Network;
			sourceTree = "<group>";
		};
/* End PBXGroup section */

/* Begin PBXNativeTarget section */
		C794BA432BB716CE006594E5 /* VKServiceList */ = {
			isa = PBXNativeTarget;
			buildConfigurationList = C794BA582BB716D0006594E5 /* Build configuration list for PBXNativeTarget "VKServiceList" */;
			buildPhases = (
				C794BA402BB716CE006594E5 /* Sources */,
				C794BA412BB716CE006594E5 /* Frameworks */,
				C794BA422BB716CE006594E5 /* Resources */,
			);
			buildRules = (
			);
			dependencies = (
			);
			name = VKServiceList;
			productName = VKServiceList;
			productReference = C794BA442BB716CE006594E5 /* VKServiceList.app */;
			productType = "com.apple.product-type.application";
		};
/* End PBXNativeTarget section */

/* Begin PBXProject section */
		C794BA3C2BB716CE006594E5 /* Project object */ = {
			isa = PBXProject;
			attributes = {
				BuildIndependentTargetsInParallel = 1;
				LastSwiftUpdateCheck = 1530;
				LastUpgradeCheck = 1530;
				TargetAttributes = {
					C794BA432BB716CE006594E5 = {
						CreatedOnToolsVersion = 15.3;
					};
				};
			};
			buildConfigurationList = C794BA3F2BB716CE006594E5 /* Build configuration list for PBXProject "VKServiceList" */;
			compatibilityVersion = "Xcode 14.0";
			developmentRegion = en;
			hasScannedForEncodings = 0;
			knownRegions = (
				en,
				Base,
			);
			mainGroup = C794BA3B2BB716CE006594E5;
			productRefGroup = C794BA452BB716CE006594E5 /* Products */;
			projectDirPath = "";
			projectRoot = "";
			targets = (
				C794BA432BB716CE006594E5 /* VKServiceList */,
			);
		};
/* End PBXProject section */

/* Begin PBXResourcesBuildPhase section */
		C794BA422BB716CE006594E5 /* Resources */ = {
			isa = PBXResourcesBuildPhase;
			buildActionMask = 2147483647;
			files = (
				C794BA512BB716D0006594E5 /* Assets.xcassets in Resources */,
				C794BA542BB716D0006594E5 /* Base in Resources */,
			);
			runOnlyForDeploymentPostprocessing = 0;
		};
/* End PBXResourcesBuildPhase section */

/* Begin PBXSourcesBuildPhase section */
		C794BA402BB716CE006594E5 /* Sources */ = {
			isa = PBXSourcesBuildPhase;
			buildActionMask = 2147483647;
			files = (
				486198A52D5B8EC200843707 /* WebImageView.swift in Sources */,
				4861981C2D5B7AD900843707 /* SCNetworkManager.swift in Sources */,
				486198AA2D5B927E00843707 /* ServiceTableViewCellNew.swift in Sources */,
				4861981E2D5B7AFF00843707 /* ServicesDataFetcher.swift in Sources */,
				C794BA6D2BB732E9006594E5 /* ServiceTableViewController.swift in Sources */,
				486198A82D5B90A400843707 /* ServiceTableVCNew.swift in Sources */,
				486198A12D5B7FBA00843707 /* ServiceViewModelNew.swift in Sources */,
				C794BA692BB71D6B006594E5 /* APIURLs.swift in Sources */,
				C794BA652BB71D09006594E5 /* NetworkManager.swift in Sources */,
				C794BA672BB71D4B006594E5 /* APIErrors.swift in Sources */,
				C794BA632BB717F4006594E5 /* ServiceModel.swift in Sources */,
				C794BA482BB716CE006594E5 /* AppDelegate.swift in Sources */,
				C794BA612BB717E6006594E5 /* ServiceViewModel.swift in Sources */,
				C794BA6B2BB7309D006594E5 /* ServiceTableViewCell.swift in Sources */,
				C794BA4A2BB716CE006594E5 /* SceneDelegate.swift in Sources */,
			);
			runOnlyForDeploymentPostprocessing = 0;
		};
/* End PBXSourcesBuildPhase section */

/* Begin PBXVariantGroup section */
		C794BA522BB716D0006594E5 /* LaunchScreen.storyboard */ = {
			isa = PBXVariantGroup;
			children = (
				C794BA532BB716D0006594E5 /* Base */,
			);
			name = LaunchScreen.storyboard;
			sourceTree = "<group>";
		};
/* End PBXVariantGroup section */

/* Begin XCBuildConfiguration section */
		C794BA562BB716D0006594E5 /* Debug */ = {
			isa = XCBuildConfiguration;
			buildSettings = {
				ALWAYS_SEARCH_USER_PATHS = NO;
				ASSETCATALOG_COMPILER_GENERATE_SWIFT_ASSET_SYMBOL_EXTENSIONS = YES;
				CLANG_ANALYZER_NONNULL = YES;
				CLANG_ANALYZER_NUMBER_OBJECT_CONVERSION = YES_AGGRESSIVE;
				CLANG_CXX_LANGUAGE_STANDARD = "gnu++20";
				CLANG_ENABLE_MODULES = YES;
				CLANG_ENABLE_OBJC_ARC = YES;
				CLANG_ENABLE_OBJC_WEAK = YES;
				CLANG_WARN_BLOCK_CAPTURE_AUTORELEASING = YES;
				CLANG_WARN_BOOL_CONVERSION = YES;
				CLANG_WARN_COMMA = YES;
				CLANG_WARN_CONSTANT_CONVERSION = YES;
				CLANG_WARN_DEPRECATED_OBJC_IMPLEMENTATIONS = YES;
				CLANG_WARN_DIRECT_OBJC_ISA_USAGE = YES_ERROR;
				CLANG_WARN_DOCUMENTATION_COMMENTS = YES;
				CLANG_WARN_EMPTY_BODY = YES;
				CLANG_WARN_ENUM_CONVERSION = YES;
				CLANG_WARN_INFINITE_RECURSION = YES;
				CLANG_WARN_INT_CONVERSION = YES;
				CLANG_WARN_NON_LITERAL_NULL_CONVERSION = YES;
				CLANG_WARN_OBJC_IMPLICIT_RETAIN_SELF = YES;
				CLANG_WARN_OBJC_LITERAL_CONVERSION = YES;
				CLANG_WARN_OBJC_ROOT_CLASS = YES_ERROR;
				CLANG_WARN_QUOTED_INCLUDE_IN_FRAMEWORK_HEADER = YES;
				CLANG_WARN_RANGE_LOOP_ANALYSIS = YES;
				CLANG_WARN_STRICT_PROTOTYPES = YES;
				CLANG_WARN_SUSPICIOUS_MOVE = YES;
				CLANG_WARN_UNGUARDED_AVAILABILITY = YES_AGGRESSIVE;
				CLANG_WARN_UNREACHABLE_CODE = YES;
				CLANG_WARN__DUPLICATE_METHOD_MATCH = YES;
				COPY_PHASE_STRIP = NO;
				DEBUG_INFORMATION_FORMAT = dwarf;
				ENABLE_STRICT_OBJC_MSGSEND = YES;
				ENABLE_TESTABILITY = YES;
				ENABLE_USER_SCRIPT_SANDBOXING = YES;
				GCC_C_LANGUAGE_STANDARD = gnu17;
				GCC_DYNAMIC_NO_PIC = NO;
				GCC_NO_COMMON_BLOCKS = YES;
				GCC_OPTIMIZATION_LEVEL = 0;
				GCC_PREPROCESSOR_DEFINITIONS = (
					"DEBUG=1",
					"$(inherited)",
				);
				GCC_WARN_64_TO_32_BIT_CONVERSION = YES;
				GCC_WARN_ABOUT_RETURN_TYPE = YES_ERROR;
				GCC_WARN_UNDECLARED_SELECTOR = YES;
				GCC_WARN_UNINITIALIZED_AUTOS = YES_AGGRESSIVE;
				GCC_WARN_UNUSED_FUNCTION = YES;
				GCC_WARN_UNUSED_VARIABLE = YES;
				IPHONEOS_DEPLOYMENT_TARGET = 17.4;
				LOCALIZATION_PREFERS_STRING_CATALOGS = YES;
				MTL_ENABLE_DEBUG_INFO = INCLUDE_SOURCE;
				MTL_FAST_MATH = YES;
				ONLY_ACTIVE_ARCH = YES;
				SDKROOT = iphoneos;
				SWIFT_ACTIVE_COMPILATION_CONDITIONS = "DEBUG $(inherited)";
				SWIFT_OPTIMIZATION_LEVEL = "-Onone";
			};
			name = Debug;
		};
		C794BA572BB716D0006594E5 /* Release */ = {
			isa = XCBuildConfiguration;
			buildSettings = {
				ALWAYS_SEARCH_USER_PATHS = NO;
				ASSETCATALOG_COMPILER_GENERATE_SWIFT_ASSET_SYMBOL_EXTENSIONS = YES;
				CLANG_ANALYZER_NONNULL = YES;
				CLANG_ANALYZER_NUMBER_OBJECT_CONVERSION = YES_AGGRESSIVE;
				CLANG_CXX_LANGUAGE_STANDARD = "gnu++20";
				CLANG_ENABLE_MODULES = YES;
				CLANG_ENABLE_OBJC_ARC = YES;
				CLANG_ENABLE_OBJC_WEAK = YES;
				CLANG_WARN_BLOCK_CAPTURE_AUTORELEASING = YES;
				CLANG_WARN_BOOL_CONVERSION = YES;
				CLANG_WARN_COMMA = YES;
				CLANG_WARN_CONSTANT_CONVERSION = YES;
				CLANG_WARN_DEPRECATED_OBJC_IMPLEMENTATIONS = YES;
				CLANG_WARN_DIRECT_OBJC_ISA_USAGE = YES_ERROR;
				CLANG_WARN_DOCUMENTATION_COMMENTS = YES;
				CLANG_WARN_EMPTY_BODY = YES;
				CLANG_WARN_ENUM_CONVERSION = YES;
				CLANG_WARN_INFINITE_RECURSION = YES;
				CLANG_WARN_INT_CONVERSION = YES;
				CLANG_WARN_NON_LITERAL_NULL_CONVERSION = YES;
				CLANG_WARN_OBJC_IMPLICIT_RETAIN_SELF = YES;
				CLANG_WARN_OBJC_LITERAL_CONVERSION = YES;
				CLANG_WARN_OBJC_ROOT_CLASS = YES_ERROR;
				CLANG_WARN_QUOTED_INCLUDE_IN_FRAMEWORK_HEADER = YES;
				CLANG_WARN_RANGE_LOOP_ANALYSIS = YES;
				CLANG_WARN_STRICT_PROTOTYPES = YES;
				CLANG_WARN_SUSPICIOUS_MOVE = YES;
				CLANG_WARN_UNGUARDED_AVAILABILITY = YES_AGGRESSIVE;
				CLANG_WARN_UNREACHABLE_CODE = YES;
				CLANG_WARN__DUPLICATE_METHOD_MATCH = YES;
				COPY_PHASE_STRIP = NO;
				DEBUG_INFORMATION_FORMAT = "dwarf-with-dsym";
				ENABLE_NS_ASSERTIONS = NO;
				ENABLE_STRICT_OBJC_MSGSEND = YES;
				ENABLE_USER_SCRIPT_SANDBOXING = YES;
				GCC_C_LANGUAGE_STANDARD = gnu17;
				GCC_NO_COMMON_BLOCKS = YES;
				GCC_WARN_64_TO_32_BIT_CONVERSION = YES;
				GCC_WARN_ABOUT_RETURN_TYPE = YES_ERROR;
				GCC_WARN_UNDECLARED_SELECTOR = YES;
				GCC_WARN_UNINITIALIZED_AUTOS = YES_AGGRESSIVE;
				GCC_WARN_UNUSED_FUNCTION = YES;
				GCC_WARN_UNUSED_VARIABLE = YES;
				IPHONEOS_DEPLOYMENT_TARGET = 17.4;
				LOCALIZATION_PREFERS_STRING_CATALOGS = YES;
				MTL_ENABLE_DEBUG_INFO = NO;
				MTL_FAST_MATH = YES;
				SDKROOT = iphoneos;
				SWIFT_COMPILATION_MODE = wholemodule;
				VALIDATE_PRODUCT = YES;
			};
			name = Release;
		};
		C794BA592BB716D0006594E5 /* Debug */ = {
			isa = XCBuildConfiguration;
			buildSettings = {
				ASSETCATALOG_COMPILER_APPICON_NAME = AppIcon;
				ASSETCATALOG_COMPILER_GLOBAL_ACCENT_COLOR_NAME = AccentColor;
				CODE_SIGN_STYLE = Automatic;
				CURRENT_PROJECT_VERSION = 1;
				DEVELOPMENT_TEAM = U5U8485L4C;
				GENERATE_INFOPLIST_FILE = YES;
				INFOPLIST_FILE = VKServiceList/Info.plist;
				INFOPLIST_KEY_UIApplicationSupportsIndirectInputEvents = YES;
				INFOPLIST_KEY_UILaunchStoryboardName = LaunchScreen;
				INFOPLIST_KEY_UISupportedInterfaceOrientations = UIInterfaceOrientationPortrait;
				INFOPLIST_KEY_UISupportedInterfaceOrientations_iPad = "UIInterfaceOrientationLandscapeLeft UIInterfaceOrientationLandscapeRight UIInterfaceOrientationPortrait UIInterfaceOrientationPortraitUpsideDown";
				IPHONEOS_DEPLOYMENT_TARGET = 16.4;
				LD_RUNPATH_SEARCH_PATHS = (
					"$(inherited)",
					"@executable_path/Frameworks",
				);
				MARKETING_VERSION = 1.0;
				PRODUCT_BUNDLE_IDENTIFIER = IlyaPavl.VKServiceList;
				PRODUCT_NAME = "$(TARGET_NAME)";
				SUPPORTED_PLATFORMS = "iphoneos iphonesimulator";
				SUPPORTS_MACCATALYST = NO;
				SUPPORTS_MAC_DESIGNED_FOR_IPHONE_IPAD = NO;
				SUPPORTS_XR_DESIGNED_FOR_IPHONE_IPAD = NO;
				SWIFT_EMIT_LOC_STRINGS = YES;
				SWIFT_VERSION = 5.0;
				TARGETED_DEVICE_FAMILY = 1;
			};
			name = Debug;
		};
		C794BA5A2BB716D0006594E5 /* Release */ = {
			isa = XCBuildConfiguration;
			buildSettings = {
				ASSETCATALOG_COMPILER_APPICON_NAME = AppIcon;
				ASSETCATALOG_COMPILER_GLOBAL_ACCENT_COLOR_NAME = AccentColor;
				CODE_SIGN_STYLE = Automatic;
				CURRENT_PROJECT_VERSION = 1;
				DEVELOPMENT_TEAM = U5U8485L4C;
				GENERATE_INFOPLIST_FILE = YES;
				INFOPLIST_FILE = VKServiceList/Info.plist;
				INFOPLIST_KEY_UIApplicationSupportsIndirectInputEvents = YES;
				INFOPLIST_KEY_UILaunchStoryboardName = LaunchScreen;
				INFOPLIST_KEY_UISupportedInterfaceOrientations = UIInterfaceOrientationPortrait;
				INFOPLIST_KEY_UISupportedInterfaceOrientations_iPad = "UIInterfaceOrientationLandscapeLeft UIInterfaceOrientationLandscapeRight UIInterfaceOrientationPortrait UIInterfaceOrientationPortraitUpsideDown";
				IPHONEOS_DEPLOYMENT_TARGET = 16.4;
				LD_RUNPATH_SEARCH_PATHS = (
					"$(inherited)",
					"@executable_path/Frameworks",
				);
				MARKETING_VERSION = 1.0;
				PRODUCT_BUNDLE_IDENTIFIER = IlyaPavl.VKServiceList;
				PRODUCT_NAME = "$(TARGET_NAME)";
				SUPPORTED_PLATFORMS = "iphoneos iphonesimulator";
				SUPPORTS_MACCATALYST = NO;
				SUPPORTS_MAC_DESIGNED_FOR_IPHONE_IPAD = NO;
				SUPPORTS_XR_DESIGNED_FOR_IPHONE_IPAD = NO;
				SWIFT_EMIT_LOC_STRINGS = YES;
				SWIFT_VERSION = 5.0;
				TARGETED_DEVICE_FAMILY = 1;
			};
			name = Release;
		};
/* End XCBuildConfiguration section */

/* Begin XCConfigurationList section */
		C794BA3F2BB716CE006594E5 /* Build configuration list for PBXProject "VKServiceList" */ = {
			isa = XCConfigurationList;
			buildConfigurations = (
				C794BA562BB716D0006594E5 /* Debug */,
				C794BA572BB716D0006594E5 /* Release */,
			);
			defaultConfigurationIsVisible = 0;
			defaultConfigurationName = Release;
		};
		C794BA582BB716D0006594E5 /* Build configuration list for PBXNativeTarget "VKServiceList" */ = {
			isa = XCConfigurationList;
			buildConfigurations = (
				C794BA592BB716D0006594E5 /* Debug */,
				C794BA5A2BB716D0006594E5 /* Release */,
			);
			defaultConfigurationIsVisible = 0;
			defaultConfigurationName = Release;
		};
/* End XCConfigurationList section */
	};
	rootObject = C794BA3C2BB716CE006594E5 /* Project object */;
}
